
Microsoft Visual Studio Solution File, Format Version 12.00
# Visual Studio Version 16
VisualStudioVersion = 16.0.29709.97
MinimumVisualStudioVersion = 10.0.40219.1
Project("{FAE04EC0-301F-11D3-BF4B-00C04F79EFBC}") = "WebPage", "WebPage\WebPage.csproj", "{1D75F12A-6ED0-42F3-807D-DAF6B0254420}"
EndProject
Global
	GlobalSection(SolutionConfigurationPlatforms) = preSolution
		Debug|Any CPU = Debug|Any CPU
		Release|Any CPU = Release|Any CPU
	EndGlobalSection
	GlobalSection(ProjectConfigurationPlatforms) = postSolution
		{1D75F12A-6ED0-42F3-807D-DAF6B0254420}.Debug|Any CPU.ActiveCfg = Debug|Any CPU
		{1D75F12A-6ED0-42F3-807D-DAF6B0254420}.Debug|Any CPU.Build.0 = Debug|Any CPU
		{1D75F12A-6ED0-42F3-807D-DAF6B0254420}.Release|Any CPU.ActiveCfg = Release|Any CPU
		{1D75F12A-6ED0-42F3-807D-DAF6B0254420}.Release|Any CPU.Build.0 = Release|Any CPU
	EndGlobalSection
	GlobalSection(SolutionProperties) = preSolution
		HideSolutionNode = FALSE
	EndGlobalSection
	GlobalSection(ExtensibilityGlobals) = postSolution
		SolutionGuid = {0ADA202F-AAA8-4734-9BEB-70929531A4F7}
	EndGlobalSection
EndGlobal
