
Microsoft Visual Studio Solution File, Format Version 12.00
# Visual Studio Version 16
VisualStudioVersion = 16.0.29709.97
MinimumVisualStudioVersion = 10.0.40219.1
Project("{FAE04EC0-301F-11D3-BF4B-00C04F79EFBC}") = "WebPage", "WebPage\WebPage.csproj", "{1D75F12A-6ED0-42F3-807D-DAF6B0254420}"
EndProject
Project("{FAE04EC0-301F-11D3-BF4B-00C04F79EFBC}") = "OnlineCabBooking.BL", "OnlineCabBooking.BL\OnlineCabBooking.BL.csproj", "{16F049D1-1B31-4888-8A2A-6F7AD49A62C3}"
EndProject
Project("{FAE04EC0-301F-11D3-BF4B-00C04F79EFBC}") = "OnlineCabBooking.Common", "OnlineCabBooking.Common\OnlineCabBooking.Common.csproj", "{96141D41-D866-44AE-B9F1-8A660FFA254C}"
EndProject
Project("{FAE04EC0-301F-11D3-BF4B-00C04F79EFBC}") = "OnlineCabBooking.DAL", "OnlineCabBooking.DAL\OnlineCabBooking.DAL.csproj", "{62DBDAB3-7B2F-458A-B0A2-A2FE58912BD4}"
EndProject
Project("{FAE04EC0-301F-11D3-BF4B-00C04F79EFBC}") = "OnlineCabBooking.Entity", "OnlineCabBooking.Entity\OnlineCabBooking.Entity.csproj", "{F33718D0-F5E4-4422-A4F0-A065B9B2BB77}"
EndProject
Global
	GlobalSection(SolutionConfigurationPlatforms) = preSolution
		Debug|Any CPU = Debug|Any CPU
		Release|Any CPU = Release|Any CPU
	EndGlobalSection
	GlobalSection(ProjectConfigurationPlatforms) = postSolution
		{1D75F12A-6ED0-42F3-807D-DAF6B0254420}.Debug|Any CPU.ActiveCfg = Debug|Any CPU
		{1D75F12A-6ED0-42F3-807D-DAF6B0254420}.Debug|Any CPU.Build.0 = Debug|Any CPU
		{1D75F12A-6ED0-42F3-807D-DAF6B0254420}.Release|Any CPU.ActiveCfg = Release|Any CPU
		{1D75F12A-6ED0-42F3-807D-DAF6B0254420}.Release|Any CPU.Build.0 = Release|Any CPU
		{16F049D1-1B31-4888-8A2A-6F7AD49A62C3}.Debug|Any CPU.ActiveCfg = Debug|Any CPU
		{16F049D1-1B31-4888-8A2A-6F7AD49A62C3}.Debug|Any CPU.Build.0 = Debug|Any CPU
		{16F049D1-1B31-4888-8A2A-6F7AD49A62C3}.Release|Any CPU.ActiveCfg = Release|Any CPU
		{16F049D1-1B31-4888-8A2A-6F7AD49A62C3}.Release|Any CPU.Build.0 = Release|Any CPU
		{96141D41-D866-44AE-B9F1-8A660FFA254C}.Debug|Any CPU.ActiveCfg = Debug|Any CPU
		{96141D41-D866-44AE-B9F1-8A660FFA254C}.Debug|Any CPU.Build.0 = Debug|Any CPU
		{96141D41-D866-44AE-B9F1-8A660FFA254C}.Release|Any CPU.ActiveCfg = Release|Any CPU
		{96141D41-D866-44AE-B9F1-8A660FFA254C}.Release|Any CPU.Build.0 = Release|Any CPU
		{62DBDAB3-7B2F-458A-B0A2-A2FE58912BD4}.Debug|Any CPU.ActiveCfg = Debug|Any CPU
		{62DBDAB3-7B2F-458A-B0A2-A2FE58912BD4}.Debug|Any CPU.Build.0 = Debug|Any CPU
		{62DBDAB3-7B2F-458A-B0A2-A2FE58912BD4}.Release|Any CPU.ActiveCfg = Release|Any CPU
		{62DBDAB3-7B2F-458A-B0A2-A2FE58912BD4}.Release|Any CPU.Build.0 = Release|Any CPU
		{F33718D0-F5E4-4422-A4F0-A065B9B2BB77}.Debug|Any CPU.ActiveCfg = Debug|Any CPU
		{F33718D0-F5E4-4422-A4F0-A065B9B2BB77}.Debug|Any CPU.Build.0 = Debug|Any CPU
		{F33718D0-F5E4-4422-A4F0-A065B9B2BB77}.Release|Any CPU.ActiveCfg = Release|Any CPU
		{F33718D0-F5E4-4422-A4F0-A065B9B2BB77}.Release|Any CPU.Build.0 = Release|Any CPU
	EndGlobalSection
	GlobalSection(SolutionProperties) = preSolution
		HideSolutionNode = FALSE
	EndGlobalSection
	GlobalSection(ExtensibilityGlobals) = postSolution
		SolutionGuid = {0ADA202F-AAA8-4734-9BEB-70929531A4F7}
	EndGlobalSection
EndGlobal
